// !$*UTF8*$!
{
	archiveVersion = 1;
	classes = {
	};
	objectVersion = 50;
	objects = {

/* Begin PBXBuildFile section */
		935C1120217B83C5003E759F /* AppDelegate.swift in Sources */ = {isa = PBXBuildFile; fileRef = 935C111F217B83C5003E759F /* AppDelegate.swift */; };
		935C1122217B83C5003E759F /* ListeController.swift in Sources */ = {isa = PBXBuildFile; fileRef = 935C1121217B83C5003E759F /* ListeController.swift */; };
		935C1125217B83C5003E759F /* Main.storyboard in Resources */ = {isa = PBXBuildFile; fileRef = 935C1123217B83C5003E759F /* Main.storyboard */; };
		935C1128217B83C5003E759F /* Codata.xcdatamodeld in Sources */ = {isa = PBXBuildFile; fileRef = 935C1126217B83C5003E759F /* Codata.xcdatamodeld */; };
		935C112A217B83C6003E759F /* Assets.xcassets in Resources */ = {isa = PBXBuildFile; fileRef = 935C1129217B83C6003E759F /* Assets.xcassets */; };
		935C112D217B83C6003E759F /* LaunchScreen.storyboard in Resources */ = {isa = PBXBuildFile; fileRef = 935C112B217B83C6003E759F /* LaunchScreen.storyboard */; };
		935C1136217B87F4003E759F /* MaTabBar.swift in Sources */ = {isa = PBXBuildFile; fileRef = 935C1135217B87F4003E759F /* MaTabBar.swift */; };
		935C113B217B8EC9003E759F /* CoreDataHelper.swift in Sources */ = {isa = PBXBuildFile; fileRef = 935C113A217B8EC9003E759F /* CoreDataHelper.swift */; };
		935C113D217CA25E003E759F /* ListeCell.swift in Sources */ = {isa = PBXBuildFile; fileRef = 935C113C217CA25E003E759F /* ListeCell.swift */; };
		935C113F217CA27E003E759F /* ViewShadow.swift in Sources */ = {isa = PBXBuildFile; fileRef = 935C113E217CA27E003E759F /* ViewShadow.swift */; };
		935C1141217CA77C003E759F /* Extensions.swift in Sources */ = {isa = PBXBuildFile; fileRef = 935C1140217CA77C003E759F /* Extensions.swift */; };
/* End PBXBuildFile section */

/* Begin PBXFileReference section */
		935C111C217B83C5003E759F /* Codata.app */ = {isa = PBXFileReference; explicitFileType = wrapper.application; includeInIndex = 0; path = Codata.app; sourceTree = BUILT_PRODUCTS_DIR; };
		935C111F217B83C5003E759F /* AppDelegate.swift */ = {isa = PBXFileReference; lastKnownFileType = sourcecode.swift; path = AppDelegate.swift; sourceTree = "<group>"; };
		935C1121217B83C5003E759F /* ListeController.swift */ = {isa = PBXFileReference; lastKnownFileType = sourcecode.swift; path = ListeController.swift; sourceTree = "<group>"; };
		935C1124217B83C5003E759F /* Base */ = {isa = PBXFileReference; lastKnownFileType = file.storyboard; name = Base; path = Base.lproj/Main.storyboard; sourceTree = "<group>"; };
		935C1127217B83C5003E759F /* Codata.xcdatamodel */ = {isa = PBXFileReference; lastKnownFileType = wrapper.xcdatamodel; path = Codata.xcdatamodel; sourceTree = "<group>"; };
		935C1129217B83C6003E759F /* Assets.xcassets */ = {isa = PBXFileReference; lastKnownFileType = folder.assetcatalog; path = Assets.xcassets; sourceTree = "<group>"; };
		935C112C217B83C6003E759F /* Base */ = {isa = PBXFileReference; lastKnownFileType = file.storyboard; name = Base; path = Base.lproj/LaunchScreen.storyboard; sourceTree = "<group>"; };
		935C112E217B83C6003E759F /* Info.plist */ = {isa = PBXFileReference; lastKnownFileType = text.plist.xml; path = Info.plist; sourceTree = "<group>"; };
		935C1135217B87F4003E759F /* MaTabBar.swift */ = {isa = PBXFileReference; lastKnownFileType = sourcecode.swift; path = MaTabBar.swift; sourceTree = "<group>"; };
		935C113A217B8EC9003E759F /* CoreDataHelper.swift */ = {isa = PBXFileReference; lastKnownFileType = sourcecode.swift; path = CoreDataHelper.swift; sourceTree = "<group>"; };
		935C113C217CA25E003E759F /* ListeCell.swift */ = {isa = PBXFileReference; lastKnownFileType = sourcecode.swift; path = ListeCell.swift; sourceTree = "<group>"; };
		935C113E217CA27E003E759F /* ViewShadow.swift */ = {isa = PBXFileReference; lastKnownFileType = sourcecode.swift; path = ViewShadow.swift; sourceTree = "<group>"; };
		935C1140217CA77C003E759F /* Extensions.swift */ = {isa = PBXFileReference; lastKnownFileType = sourcecode.swift; path = Extensions.swift; sourceTree = "<group>"; };
/* End PBXFileReference section */

/* Begin PBXFrameworksBuildPhase section */
		935C1119217B83C5003E759F /* Frameworks */ = {
			isa = PBXFrameworksBuildPhase;
			buildActionMask = 2147483647;
			files = (
			);
			runOnlyForDeploymentPostprocessing = 0;
		};
/* End PBXFrameworksBuildPhase section */

/* Begin PBXGroup section */
		935C1113217B83C5003E759F = {
			isa = PBXGroup;
			children = (
				935C111E217B83C5003E759F /* Codata */,
				935C111D217B83C5003E759F /* Products */,
			);
			sourceTree = "<group>";
		};
		935C111D217B83C5003E759F /* Products */ = {
			isa = PBXGroup;
			children = (
				935C111C217B83C5003E759F /* Codata.app */,
			);
			name = Products;
			sourceTree = "<group>";
		};
		935C111E217B83C5003E759F /* Codata */ = {
			isa = PBXGroup;
			children = (
				935C111F217B83C5003E759F /* AppDelegate.swift */,
				935C1138217B8A68003E759F /* Model */,
				935C1137217B8A5D003E759F /* View */,
				935C1134217B8727003E759F /* Controller */,
				935C1139217B8A72003E759F /* InterfaceBuilder */,
				935C1129217B83C6003E759F /* Assets.xcassets */,
				935C112E217B83C6003E759F /* Info.plist */,
			);
			path = Codata;
			sourceTree = "<group>";
		};
		935C1134217B8727003E759F /* Controller */ = {
			isa = PBXGroup;
			children = (
				935C1121217B83C5003E759F /* ListeController.swift */,
				935C1135217B87F4003E759F /* MaTabBar.swift */,
			);
			path = Controller;
			sourceTree = "<group>";
		};
		935C1137217B8A5D003E759F /* View */ = {
			isa = PBXGroup;
			children = (
				935C113C217CA25E003E759F /* ListeCell.swift */,
				935C113E217CA27E003E759F /* ViewShadow.swift */,
			);
			path = View;
			sourceTree = "<group>";
		};
		935C1138217B8A68003E759F /* Model */ = {
			isa = PBXGroup;
			children = (
				935C1126217B83C5003E759F /* Codata.xcdatamodeld */,
				935C113A217B8EC9003E759F /* CoreDataHelper.swift */,
				935C1140217CA77C003E759F /* Extensions.swift */,
			);
			path = Model;
			sourceTree = "<group>";
		};
		935C1139217B8A72003E759F /* InterfaceBuilder */ = {
			isa = PBXGroup;
			children = (
				935C112B217B83C6003E759F /* LaunchScreen.storyboard */,
				935C1123217B83C5003E759F /* Main.storyboard */,
			);
			path = InterfaceBuilder;
			sourceTree = "<group>";
		};
/* End PBXGroup section */

/* Begin PBXNativeTarget section */
		935C111B217B83C5003E759F /* Codata */ = {
			isa = PBXNativeTarget;
			buildConfigurationList = 935C1131217B83C6003E759F /* Build configuration list for PBXNativeTarget "Codata" */;
			buildPhases = (
				935C1118217B83C5003E759F /* Sources */,
				935C1119217B83C5003E759F /* Frameworks */,
				935C111A217B83C5003E759F /* Resources */,
			);
			buildRules = (
			);
			dependencies = (
			);
			name = Codata;
			productName = Codata;
			productReference = 935C111C217B83C5003E759F /* Codata.app */;
			productType = "com.apple.product-type.application";
		};
/* End PBXNativeTarget section */

/* Begin PBXProject section */
		935C1114217B83C5003E759F /* Project object */ = {
			isa = PBXProject;
			attributes = {
				LastSwiftUpdateCheck = 1000;
				LastUpgradeCheck = 1000;
				ORGANIZATIONNAME = KTD;
				TargetAttributes = {
					935C111B217B83C5003E759F = {
						CreatedOnToolsVersion = 10.0;
					};
				};
			};
			buildConfigurationList = 935C1117217B83C5003E759F /* Build configuration list for PBXProject "Codata" */;
			compatibilityVersion = "Xcode 9.3";
			developmentRegion = en;
			hasScannedForEncodings = 0;
			knownRegions = (
				en,
				Base,
			);
			mainGroup = 935C1113217B83C5003E759F;
			productRefGroup = 935C111D217B83C5003E759F /* Products */;
			projectDirPath = "";
			projectRoot = "";
			targets = (
				935C111B217B83C5003E759F /* Codata */,
			);
		};
/* End PBXProject section */

/* Begin PBXResourcesBuildPhase section */
		935C111A217B83C5003E759F /* Resources */ = {
			isa = PBXResourcesBuildPhase;
			buildActionMask = 2147483647;
			files = (
				935C112D217B83C6003E759F /* LaunchScreen.storyboard in Resources */,
				935C112A217B83C6003E759F /* Assets.xcassets in Resources */,
				935C1125217B83C5003E759F /* Main.storyboard in Resources */,
			);
			runOnlyForDeploymentPostprocessing = 0;
		};
/* End PBXResourcesBuildPhase section */

/* Begin PBXSourcesBuildPhase section */
		935C1118217B83C5003E759F /* Sources */ = {
			isa = PBXSourcesBuildPhase;
			buildActionMask = 2147483647;
			files = (
				935C113B217B8EC9003E759F /* CoreDataHelper.swift in Sources */,
				935C113D217CA25E003E759F /* ListeCell.swift in Sources */,
				935C113F217CA27E003E759F /* ViewShadow.swift in Sources */,
				935C1141217CA77C003E759F /* Extensions.swift in Sources */,
				935C1128217B83C5003E759F /* Codata.xcdatamodeld in Sources */,
				935C1122217B83C5003E759F /* ListeController.swift in Sources */,
				935C1120217B83C5003E759F /* AppDelegate.swift in Sources */,
				935C1136217B87F4003E759F /* MaTabBar.swift in Sources */,
			);
			runOnlyForDeploymentPostprocessing = 0;
		};
/* End PBXSourcesBuildPhase section */

/* Begin PBXVariantGroup section */
		935C1123217B83C5003E759F /* Main.storyboard */ = {
			isa = PBXVariantGroup;
			children = (
				935C1124217B83C5003E759F /* Base */,
			);
			name = Main.storyboard;
			sourceTree = "<group>";
		};
		935C112B217B83C6003E759F /* LaunchScreen.storyboard */ = {
			isa = PBXVariantGroup;
			children = (
				935C112C217B83C6003E759F /* Base */,
			);
			name = LaunchScreen.storyboard;
			sourceTree = "<group>";
		};
/* End PBXVariantGroup section */

/* Begin XCBuildConfiguration section */
		935C112F217B83C6003E759F /* Debug */ = {
			isa = XCBuildConfiguration;
			buildSettings = {
				ALWAYS_SEARCH_USER_PATHS = NO;
				CLANG_ANALYZER_NONNULL = YES;
				CLANG_ANALYZER_NUMBER_OBJECT_CONVERSION = YES_AGGRESSIVE;
				CLANG_CXX_LANGUAGE_STANDARD = "gnu++14";
				CLANG_CXX_LIBRARY = "libc++";
				CLANG_ENABLE_MODULES = YES;
				CLANG_ENABLE_OBJC_ARC = YES;
				CLANG_ENABLE_OBJC_WEAK = YES;
				CLANG_WARN_BLOCK_CAPTURE_AUTORELEASING = YES;
				CLANG_WARN_BOOL_CONVERSION = YES;
				CLANG_WARN_COMMA = YES;
				CLANG_WARN_CONSTANT_CONVERSION = YES;
				CLANG_WARN_DEPRECATED_OBJC_IMPLEMENTATIONS = YES;
				CLANG_WARN_DIRECT_OBJC_ISA_USAGE = YES_ERROR;
				CLANG_WARN_DOCUMENTATION_COMMENTS = YES;
				CLANG_WARN_EMPTY_BODY = YES;
				CLANG_WARN_ENUM_CONVERSION = YES;
				CLANG_WARN_INFINITE_RECURSION = YES;
				CLANG_WARN_INT_CONVERSION = YES;
				CLANG_WARN_NON_LITERAL_NULL_CONVERSION = YES;
				CLANG_WARN_OBJC_IMPLICIT_RETAIN_SELF = YES;
				CLANG_WARN_OBJC_LITERAL_CONVERSION = YES;
				CLANG_WARN_OBJC_ROOT_CLASS = YES_ERROR;
				CLANG_WARN_RANGE_LOOP_ANALYSIS = YES;
				CLANG_WARN_STRICT_PROTOTYPES = YES;
				CLANG_WARN_SUSPICIOUS_MOVE = YES;
				CLANG_WARN_UNGUARDED_AVAILABILITY = YES_AGGRESSIVE;
				CLANG_WARN_UNREACHABLE_CODE = YES;
				CLANG_WARN__DUPLICATE_METHOD_MATCH = YES;
				CODE_SIGN_IDENTITY = "iPhone Developer";
				COPY_PHASE_STRIP = NO;
				DEBUG_INFORMATION_FORMAT = dwarf;
				ENABLE_STRICT_OBJC_MSGSEND = YES;
				ENABLE_TESTABILITY = YES;
				GCC_C_LANGUAGE_STANDARD = gnu11;
				GCC_DYNAMIC_NO_PIC = NO;
				GCC_NO_COMMON_BLOCKS = YES;
				GCC_OPTIMIZATION_LEVEL = 0;
				GCC_PREPROCESSOR_DEFINITIONS = (
					"DEBUG=1",
					"$(inherited)",
				);
				GCC_WARN_64_TO_32_BIT_CONVERSION = YES;
				GCC_WARN_ABOUT_RETURN_TYPE = YES_ERROR;
				GCC_WARN_UNDECLARED_SELECTOR = YES;
				GCC_WARN_UNINITIALIZED_AUTOS = YES_AGGRESSIVE;
				GCC_WARN_UNUSED_FUNCTION = YES;
				GCC_WARN_UNUSED_VARIABLE = YES;
				IPHONEOS_DEPLOYMENT_TARGET = 12.0;
				MTL_ENABLE_DEBUG_INFO = INCLUDE_SOURCE;
				MTL_FAST_MATH = YES;
				ONLY_ACTIVE_ARCH = YES;
				SDKROOT = iphoneos;
				SWIFT_ACTIVE_COMPILATION_CONDITIONS = DEBUG;
				SWIFT_OPTIMIZATION_LEVEL = "-Onone";
			};
			name = Debug;
		};
		935C1130217B83C6003E759F /* Release */ = {
			isa = XCBuildConfiguration;
			buildSettings = {
				ALWAYS_SEARCH_USER_PATHS = NO;
				CLANG_ANALYZER_NONNULL = YES;
				CLANG_ANALYZER_NUMBER_OBJECT_CONVERSION = YES_AGGRESSIVE;
				CLANG_CXX_LANGUAGE_STANDARD = "gnu++14";
				CLANG_CXX_LIBRARY = "libc++";
				CLANG_ENABLE_MODULES = YES;
				CLANG_ENABLE_OBJC_ARC = YES;
				CLANG_ENABLE_OBJC_WEAK = YES;
				CLANG_WARN_BLOCK_CAPTURE_AUTORELEASING = YES;
				CLANG_WARN_BOOL_CONVERSION = YES;
				CLANG_WARN_COMMA = YES;
				CLANG_WARN_CONSTANT_CONVERSION = YES;
				CLANG_WARN_DEPRECATED_OBJC_IMPLEMENTATIONS = YES;
				CLANG_WARN_DIRECT_OBJC_ISA_USAGE = YES_ERROR;
				CLANG_WARN_DOCUMENTATION_COMMENTS = YES;
				CLANG_WARN_EMPTY_BODY = YES;
				CLANG_WARN_ENUM_CONVERSION = YES;
				CLANG_WARN_INFINITE_RECURSION = YES;
				CLANG_WARN_INT_CONVERSION = YES;
				CLANG_WARN_NON_LITERAL_NULL_CONVERSION = YES;
				CLANG_WARN_OBJC_IMPLICIT_RETAIN_SELF = YES;
				CLANG_WARN_OBJC_LITERAL_CONVERSION = YES;
				CLANG_WARN_OBJC_ROOT_CLASS = YES_ERROR;
				CLANG_WARN_RANGE_LOOP_ANALYSIS = YES;
				CLANG_WARN_STRICT_PROTOTYPES = YES;
				CLANG_WARN_SUSPICIOUS_MOVE = YES;
				CLANG_WARN_UNGUARDED_AVAILABILITY = YES_AGGRESSIVE;
				CLANG_WARN_UNREACHABLE_CODE = YES;
				CLANG_WARN__DUPLICATE_METHOD_MATCH = YES;
				CODE_SIGN_IDENTITY = "iPhone Developer";
				COPY_PHASE_STRIP = NO;
				DEBUG_INFORMATION_FORMAT = "dwarf-with-dsym";
				ENABLE_NS_ASSERTIONS = NO;
				ENABLE_STRICT_OBJC_MSGSEND = YES;
				GCC_C_LANGUAGE_STANDARD = gnu11;
				GCC_NO_COMMON_BLOCKS = YES;
				GCC_WARN_64_TO_32_BIT_CONVERSION = YES;
				GCC_WARN_ABOUT_RETURN_TYPE = YES_ERROR;
				GCC_WARN_UNDECLARED_SELECTOR = YES;
				GCC_WARN_UNINITIALIZED_AUTOS = YES_AGGRESSIVE;
				GCC_WARN_UNUSED_FUNCTION = YES;
				GCC_WARN_UNUSED_VARIABLE = YES;
				IPHONEOS_DEPLOYMENT_TARGET = 12.0;
				MTL_ENABLE_DEBUG_INFO = NO;
				MTL_FAST_MATH = YES;
				SDKROOT = iphoneos;
				SWIFT_COMPILATION_MODE = wholemodule;
				SWIFT_OPTIMIZATION_LEVEL = "-O";
				VALIDATE_PRODUCT = YES;
			};
			name = Release;
		};
		935C1132217B83C6003E759F /* Debug */ = {
			isa = XCBuildConfiguration;
			buildSettings = {
				ASSETCATALOG_COMPILER_APPICON_NAME = AppIcon;
				CODE_SIGN_STYLE = Automatic;
				DEVELOPMENT_TEAM = PC4A33ZP8Y;
				INFOPLIST_FILE = Codata/Info.plist;
				LD_RUNPATH_SEARCH_PATHS = (
					"$(inherited)",
					"@executable_path/Frameworks",
				);
				PRODUCT_BUNDLE_IDENTIFIER = com.KTD.Codata;
				PRODUCT_NAME = "$(TARGET_NAME)";
				SWIFT_VERSION = 4.2;
				TARGETED_DEVICE_FAMILY = "1,2";
			};
			name = Debug;
		};
		935C1133217B83C6003E759F /* Release */ = {
			isa = XCBuildConfiguration;
			buildSettings = {
				ASSETCATALOG_COMPILER_APPICON_NAME = AppIcon;
				CODE_SIGN_STYLE = Automatic;
				DEVELOPMENT_TEAM = PC4A33ZP8Y;
				INFOPLIST_FILE = Codata/Info.plist;
				LD_RUNPATH_SEARCH_PATHS = (
					"$(inherited)",
					"@executable_path/Frameworks",
				);
				PRODUCT_BUNDLE_IDENTIFIER = com.KTD.Codata;
				PRODUCT_NAME = "$(TARGET_NAME)";
				SWIFT_VERSION = 4.2;
				TARGETED_DEVICE_FAMILY = "1,2";
			};
			name = Release;
		};
/* End XCBuildConfiguration section */

/* Begin XCConfigurationList section */
		935C1117217B83C5003E759F /* Build configuration list for PBXProject "Codata" */ = {
			isa = XCConfigurationList;
			buildConfigurations = (
				935C112F217B83C6003E759F /* Debug */,
				935C1130217B83C6003E759F /* Release */,
			);
			defaultConfigurationIsVisible = 0;
			defaultConfigurationName = Release;
		};
		935C1131217B83C6003E759F /* Build configuration list for PBXNativeTarget "Codata" */ = {
			isa = XCConfigurationList;
			buildConfigurations = (
				935C1132217B83C6003E759F /* Debug */,
				935C1133217B83C6003E759F /* Release */,
			);
			defaultConfigurationIsVisible = 0;
			defaultConfigurationName = Release;
		};
/* End XCConfigurationList section */

/* Begin XCVersionGroup section */
		935C1126217B83C5003E759F /* Codata.xcdatamodeld */ = {
			isa = XCVersionGroup;
			children = (
				935C1127217B83C5003E759F /* Codata.xcdatamodel */,
			);
			currentVersion = 935C1127217B83C5003E759F /* Codata.xcdatamodel */;
			path = Codata.xcdatamodeld;
			sourceTree = "<group>";
			versionGroupType = wrapper.xcdatamodel;
		};
/* End XCVersionGroup section */
	};
	rootObject = 935C1114217B83C5003E759F /* Project object */;
}
